
Microsoft Visual Studio Solution File, Format Version 12.00
# Visual Studio Version 16
VisualStudioVersion = 16.0.30413.136
MinimumVisualStudioVersion = 10.0.40219.1
Project("{2150E333-8FDC-42A3-9474-1A3956D46DE8}") = "api", "api", "{422FEE78-7F06-4ABC-B8D7-29423E9A5F80}"
EndProject
Project("{2150E333-8FDC-42A3-9474-1A3956D46DE8}") = "web", "web", "{98E91794-42A9-447C-A218-F861548ABAFF}"
EndProject
Project("{9A19103F-16F7-4668-BE54-9A1E7A4F7556}") = "Api.Web.DataAccess", "web\Api.Web.DataAccess\Api.Web.DataAccess.csproj", "{BED8330B-2D01-4AFD-A3FD-5F35430F07EF}"
EndProject
Project("{2150E333-8FDC-42A3-9474-1A3956D46DE8}") = "base", "base", "{16E1069C-16D1-42F9-91E1-ACE937A34BA8}"
EndProject
Project("{2150E333-8FDC-42A3-9474-1A3956D46DE8}") = "data", "data", "{7A3F8670-2761-4423-BF49-7E864CE751AC}"
EndProject
Project("{2150E333-8FDC-42A3-9474-1A3956D46DE8}") = "efcore", "efcore", "{57EB2DA0-5F0B-492D-A249-E1FFB9362734}"
EndProject
Project("{2150E333-8FDC-42A3-9474-1A3956D46DE8}") = "access", "access", "{87FA5FB8-717C-40DF-AE97-1FFBE0A9B5B4}"
EndProject
Project("{9A19103F-16F7-4668-BE54-9A1E7A4F7556}") = "Api.Base.DataTypes", "base\Api.Base.DataTypes\Api.Base.DataTypes.csproj", "{1D632CB2-9133-4142-B1F9-DA83D27F0096}"
EndProject
Project("{9A19103F-16F7-4668-BE54-9A1E7A4F7556}") = "Api.Base.Web", "base\Api.Base.Web\Api.Base.Web.csproj", "{C809D96E-FFBD-4A9E-B8B8-6C2581B549A1}"
EndProject
Project("{9A19103F-16F7-4668-BE54-9A1E7A4F7556}") = "Api.Data.EfCore.Database", "data\Api.Data.EfCore.Database\Api.Data.EfCore.Database.csproj", "{3E50238A-CA0B-4106-81F2-6AF8A62DFF8C}"
EndProject
Project("{9A19103F-16F7-4668-BE54-9A1E7A4F7556}") = "Api.Data.EfCore.Repository", "data\Api.Data.EfCore.Repository\Api.Data.EfCore.Repository.csproj", "{8A75490A-6323-453B-B58F-ABC57DC22161}"
EndProject
Project("{9A19103F-16F7-4668-BE54-9A1E7A4F7556}") = "Api.Data.Access.DataTypes", "data\Api.Data.Access.DataTypes\Api.Data.Access.DataTypes.csproj", "{27F0D8CB-AB1E-40EA-A074-ED1ECB69F913}"
EndProject
Project("{9A19103F-16F7-4668-BE54-9A1E7A4F7556}") = "Api.Data.Access.Interfaces", "data\Api.Data.Access.Interfaces\Api.Data.Access.Interfaces.csproj", "{D0E6ABF9-D6FB-464C-ACF0-2EF746D1B370}"
EndProject
Project("{9A19103F-16F7-4668-BE54-9A1E7A4F7556}") = "Api.Data.Access.Services", "data\Api.Data.Access.Services\Api.Data.Access.Services.csproj", "{1E892E6C-81C6-40C6-B995-2FA5842E7385}"
EndProject
Project("{2150E333-8FDC-42A3-9474-1A3956D46DE8}") = "tests", "tests", "{5A5F0090-3199-4F56-B99B-C3BA8064991E}"
EndProject
Project("{FAE04EC0-301F-11D3-BF4B-00C04F79EFBC}") = "Api.ServiceTests", "tests\Api.ServiceTests\Api.ServiceTests.csproj", "{BBB00DDE-F7CF-4C65-8F7F-51445A118332}"
EndProject
Project("{FAE04EC0-301F-11D3-BF4B-00C04F79EFBC}") = "Api.RepositoryTests", "tests\Api.RepositoryTests\Api.RepositoryTests.csproj", "{705F7869-A08B-43E4-87FC-F5B604BA28F8}"
EndProject
Global
	GlobalSection(SolutionConfigurationPlatforms) = preSolution
		Debug|Any CPU = Debug|Any CPU
		Release|Any CPU = Release|Any CPU
	EndGlobalSection
	GlobalSection(ProjectConfigurationPlatforms) = postSolution
		{BED8330B-2D01-4AFD-A3FD-5F35430F07EF}.Debug|Any CPU.ActiveCfg = Debug|Any CPU
		{BED8330B-2D01-4AFD-A3FD-5F35430F07EF}.Debug|Any CPU.Build.0 = Debug|Any CPU
		{BED8330B-2D01-4AFD-A3FD-5F35430F07EF}.Release|Any CPU.ActiveCfg = Release|Any CPU
		{BED8330B-2D01-4AFD-A3FD-5F35430F07EF}.Release|Any CPU.Build.0 = Release|Any CPU
		{1D632CB2-9133-4142-B1F9-DA83D27F0096}.Debug|Any CPU.ActiveCfg = Debug|Any CPU
		{1D632CB2-9133-4142-B1F9-DA83D27F0096}.Debug|Any CPU.Build.0 = Debug|Any CPU
		{1D632CB2-9133-4142-B1F9-DA83D27F0096}.Release|Any CPU.ActiveCfg = Release|Any CPU
		{1D632CB2-9133-4142-B1F9-DA83D27F0096}.Release|Any CPU.Build.0 = Release|Any CPU
		{C809D96E-FFBD-4A9E-B8B8-6C2581B549A1}.Debug|Any CPU.ActiveCfg = Debug|Any CPU
		{C809D96E-FFBD-4A9E-B8B8-6C2581B549A1}.Debug|Any CPU.Build.0 = Debug|Any CPU
		{C809D96E-FFBD-4A9E-B8B8-6C2581B549A1}.Release|Any CPU.ActiveCfg = Release|Any CPU
		{C809D96E-FFBD-4A9E-B8B8-6C2581B549A1}.Release|Any CPU.Build.0 = Release|Any CPU
		{3E50238A-CA0B-4106-81F2-6AF8A62DFF8C}.Debug|Any CPU.ActiveCfg = Debug|Any CPU
		{3E50238A-CA0B-4106-81F2-6AF8A62DFF8C}.Debug|Any CPU.Build.0 = Debug|Any CPU
		{3E50238A-CA0B-4106-81F2-6AF8A62DFF8C}.Release|Any CPU.ActiveCfg = Release|Any CPU
		{3E50238A-CA0B-4106-81F2-6AF8A62DFF8C}.Release|Any CPU.Build.0 = Release|Any CPU
		{8A75490A-6323-453B-B58F-ABC57DC22161}.Debug|Any CPU.ActiveCfg = Debug|Any CPU
		{8A75490A-6323-453B-B58F-ABC57DC22161}.Debug|Any CPU.Build.0 = Debug|Any CPU
		{8A75490A-6323-453B-B58F-ABC57DC22161}.Release|Any CPU.ActiveCfg = Release|Any CPU
		{8A75490A-6323-453B-B58F-ABC57DC22161}.Release|Any CPU.Build.0 = Release|Any CPU
		{27F0D8CB-AB1E-40EA-A074-ED1ECB69F913}.Debug|Any CPU.ActiveCfg = Debug|Any CPU
		{27F0D8CB-AB1E-40EA-A074-ED1ECB69F913}.Debug|Any CPU.Build.0 = Debug|Any CPU
		{27F0D8CB-AB1E-40EA-A074-ED1ECB69F913}.Release|Any CPU.ActiveCfg = Release|Any CPU
		{27F0D8CB-AB1E-40EA-A074-ED1ECB69F913}.Release|Any CPU.Build.0 = Release|Any CPU
		{D0E6ABF9-D6FB-464C-ACF0-2EF746D1B370}.Debug|Any CPU.ActiveCfg = Debug|Any CPU
		{D0E6ABF9-D6FB-464C-ACF0-2EF746D1B370}.Debug|Any CPU.Build.0 = Debug|Any CPU
		{D0E6ABF9-D6FB-464C-ACF0-2EF746D1B370}.Release|Any CPU.ActiveCfg = Release|Any CPU
		{D0E6ABF9-D6FB-464C-ACF0-2EF746D1B370}.Release|Any CPU.Build.0 = Release|Any CPU
		{1E892E6C-81C6-40C6-B995-2FA5842E7385}.Debug|Any CPU.ActiveCfg = Debug|Any CPU
		{1E892E6C-81C6-40C6-B995-2FA5842E7385}.Debug|Any CPU.Build.0 = Debug|Any CPU
		{1E892E6C-81C6-40C6-B995-2FA5842E7385}.Release|Any CPU.ActiveCfg = Release|Any CPU
		{1E892E6C-81C6-40C6-B995-2FA5842E7385}.Release|Any CPU.Build.0 = Release|Any CPU
		{BBB00DDE-F7CF-4C65-8F7F-51445A118332}.Debug|Any CPU.ActiveCfg = Debug|Any CPU
		{BBB00DDE-F7CF-4C65-8F7F-51445A118332}.Debug|Any CPU.Build.0 = Debug|Any CPU
		{BBB00DDE-F7CF-4C65-8F7F-51445A118332}.Release|Any CPU.ActiveCfg = Release|Any CPU
		{BBB00DDE-F7CF-4C65-8F7F-51445A118332}.Release|Any CPU.Build.0 = Release|Any CPU
		{705F7869-A08B-43E4-87FC-F5B604BA28F8}.Debug|Any CPU.ActiveCfg = Debug|Any CPU
		{705F7869-A08B-43E4-87FC-F5B604BA28F8}.Debug|Any CPU.Build.0 = Debug|Any CPU
		{705F7869-A08B-43E4-87FC-F5B604BA28F8}.Release|Any CPU.ActiveCfg = Release|Any CPU
		{705F7869-A08B-43E4-87FC-F5B604BA28F8}.Release|Any CPU.Build.0 = Release|Any CPU
	EndGlobalSection
	GlobalSection(SolutionProperties) = preSolution
		HideSolutionNode = FALSE
	EndGlobalSection
	GlobalSection(NestedProjects) = preSolution
		{98E91794-42A9-447C-A218-F861548ABAFF} = {422FEE78-7F06-4ABC-B8D7-29423E9A5F80}
		{BED8330B-2D01-4AFD-A3FD-5F35430F07EF} = {98E91794-42A9-447C-A218-F861548ABAFF}
		{16E1069C-16D1-42F9-91E1-ACE937A34BA8} = {422FEE78-7F06-4ABC-B8D7-29423E9A5F80}
		{7A3F8670-2761-4423-BF49-7E864CE751AC} = {422FEE78-7F06-4ABC-B8D7-29423E9A5F80}
		{57EB2DA0-5F0B-492D-A249-E1FFB9362734} = {7A3F8670-2761-4423-BF49-7E864CE751AC}
		{87FA5FB8-717C-40DF-AE97-1FFBE0A9B5B4} = {7A3F8670-2761-4423-BF49-7E864CE751AC}
		{1D632CB2-9133-4142-B1F9-DA83D27F0096} = {16E1069C-16D1-42F9-91E1-ACE937A34BA8}
		{C809D96E-FFBD-4A9E-B8B8-6C2581B549A1} = {16E1069C-16D1-42F9-91E1-ACE937A34BA8}
		{3E50238A-CA0B-4106-81F2-6AF8A62DFF8C} = {57EB2DA0-5F0B-492D-A249-E1FFB9362734}
		{8A75490A-6323-453B-B58F-ABC57DC22161} = {57EB2DA0-5F0B-492D-A249-E1FFB9362734}
		{27F0D8CB-AB1E-40EA-A074-ED1ECB69F913} = {87FA5FB8-717C-40DF-AE97-1FFBE0A9B5B4}
		{D0E6ABF9-D6FB-464C-ACF0-2EF746D1B370} = {87FA5FB8-717C-40DF-AE97-1FFBE0A9B5B4}
		{1E892E6C-81C6-40C6-B995-2FA5842E7385} = {87FA5FB8-717C-40DF-AE97-1FFBE0A9B5B4}
		{BBB00DDE-F7CF-4C65-8F7F-51445A118332} = {5A5F0090-3199-4F56-B99B-C3BA8064991E}
		{705F7869-A08B-43E4-87FC-F5B604BA28F8} = {5A5F0090-3199-4F56-B99B-C3BA8064991E}
	EndGlobalSection
	GlobalSection(ExtensibilityGlobals) = postSolution
		SolutionGuid = {B16A9827-49B1-4BF7-A6E8-57A25DEF22F4}
	EndGlobalSection
EndGlobal
